
Microsoft Visual Studio Solution File, Format Version 12.00
# Visual Studio Version 17
VisualStudioVersion = 17.0.32112.339
MinimumVisualStudioVersion = 10.0.40219.1
Project("{9A19103F-16F7-4668-BE54-9A1E7A4F7556}") = "Handler", "Handler\Handler.csproj", "{620C1A56-4946-4C16-973C-4D0525743080}"
EndProject
Project("{FAE04EC0-301F-11D3-BF4B-00C04F79EFBC}") = "PrisninjaDatabaseAPI", "PrisninjaDatabaseAPI\PrisninjaDatabaseAPI.csproj", "{B35BE57D-A2D0-4118-A722-52E9D7A43F5C}"
EndProject
Global
	GlobalSection(SolutionConfigurationPlatforms) = preSolution
		Debug|Any CPU = Debug|Any CPU
		Release|Any CPU = Release|Any CPU
	EndGlobalSection
	GlobalSection(ProjectConfigurationPlatforms) = postSolution
		{620C1A56-4946-4C16-973C-4D0525743080}.Debug|Any CPU.ActiveCfg = Debug|Any CPU
		{620C1A56-4946-4C16-973C-4D0525743080}.Debug|Any CPU.Build.0 = Debug|Any CPU
		{620C1A56-4946-4C16-973C-4D0525743080}.Release|Any CPU.ActiveCfg = Release|Any CPU
		{620C1A56-4946-4C16-973C-4D0525743080}.Release|Any CPU.Build.0 = Release|Any CPU
		{B35BE57D-A2D0-4118-A722-52E9D7A43F5C}.Debug|Any CPU.ActiveCfg = Debug|Any CPU
		{B35BE57D-A2D0-4118-A722-52E9D7A43F5C}.Debug|Any CPU.Build.0 = Debug|Any CPU
		{B35BE57D-A2D0-4118-A722-52E9D7A43F5C}.Release|Any CPU.ActiveCfg = Release|Any CPU
		{B35BE57D-A2D0-4118-A722-52E9D7A43F5C}.Release|Any CPU.Build.0 = Release|Any CPU
	EndGlobalSection
	GlobalSection(SolutionProperties) = preSolution
		HideSolutionNode = FALSE
	EndGlobalSection
	GlobalSection(ExtensibilityGlobals) = postSolution
		SolutionGuid = {4D9A0102-310F-497B-9B86-1FF736DBDDD4}
	EndGlobalSection
EndGlobal
