
Microsoft Visual Studio Solution File, Format Version 12.00
Project("{FAE04EC0-301F-11D3-BF4B-00C04F79EFBC}") = "ApiApplication", "ApiApplication\ApiApplication.csproj", "{667CEB13-6AD1-4713-857F-616685CCC4A5}"
EndProject
Project("{FAE04EC0-301F-11D3-BF4B-00C04F79EFBC}") = "ExternalApiLibrary", "ExternalApiLibrary\ExternalApiLibrary.csproj", "{6ED1F348-C02A-4F7F-9DF5-582C8E882F9D}"
EndProject
Global
	GlobalSection(SolutionConfigurationPlatforms) = preSolution
		Debug|Any CPU = Debug|Any CPU
		Release|Any CPU = Release|Any CPU
	EndGlobalSection
	GlobalSection(ProjectConfigurationPlatforms) = postSolution
		{667CEB13-6AD1-4713-857F-616685CCC4A5}.Debug|Any CPU.ActiveCfg = Debug|Any CPU
		{667CEB13-6AD1-4713-857F-616685CCC4A5}.Debug|Any CPU.Build.0 = Debug|Any CPU
		{667CEB13-6AD1-4713-857F-616685CCC4A5}.Release|Any CPU.ActiveCfg = Release|Any CPU
		{667CEB13-6AD1-4713-857F-616685CCC4A5}.Release|Any CPU.Build.0 = Release|Any CPU
		{6ED1F348-C02A-4F7F-9DF5-582C8E882F9D}.Debug|Any CPU.ActiveCfg = Debug|Any CPU
		{6ED1F348-C02A-4F7F-9DF5-582C8E882F9D}.Debug|Any CPU.Build.0 = Debug|Any CPU
		{6ED1F348-C02A-4F7F-9DF5-582C8E882F9D}.Release|Any CPU.ActiveCfg = Release|Any CPU
		{6ED1F348-C02A-4F7F-9DF5-582C8E882F9D}.Release|Any CPU.Build.0 = Release|Any CPU
	EndGlobalSection
EndGlobal
