
Microsoft Visual Studio Solution File, Format Version 12.00
Project("{FAE04EC0-301F-11D3-BF4B-00C04F79EFBC}") = "DatabaseApi", "DatabaseApi\DatabaseApi.csproj", "{1BBCE52F-A0E9-44B1-AB65-26D863D8526C}"
EndProject
Global
	GlobalSection(SolutionConfigurationPlatforms) = preSolution
		Debug|Any CPU = Debug|Any CPU
		Release|Any CPU = Release|Any CPU
	EndGlobalSection
	GlobalSection(ProjectConfigurationPlatforms) = postSolution
		{1BBCE52F-A0E9-44B1-AB65-26D863D8526C}.Debug|Any CPU.ActiveCfg = Debug|Any CPU
		{1BBCE52F-A0E9-44B1-AB65-26D863D8526C}.Debug|Any CPU.Build.0 = Debug|Any CPU
		{1BBCE52F-A0E9-44B1-AB65-26D863D8526C}.Release|Any CPU.ActiveCfg = Release|Any CPU
		{1BBCE52F-A0E9-44B1-AB65-26D863D8526C}.Release|Any CPU.Build.0 = Release|Any CPU
	EndGlobalSection
EndGlobal
